
Microsoft Visual Studio Solution File, Format Version 12.00
# Visual Studio Version 17
VisualStudioVersion = 17.11.35312.102
MinimumVisualStudioVersion = 10.0.40219.1
Project("{FAE04EC0-301F-11D3-BF4B-00C04F79EFBC}") = "BackEndWPF", "BackEndWPF.csproj", "{80739CF7-2704-4F91-8A0B-3CACC45750B9}"
EndProject
Global
	GlobalSection(SolutionConfigurationPlatforms) = preSolution
		Debug|Any CPU = Debug|Any CPU
		Release|Any CPU = Release|Any CPU
	EndGlobalSection
	GlobalSection(ProjectConfigurationPlatforms) = postSolution
		{80739CF7-2704-4F91-8A0B-3CACC45750B9}.Debug|Any CPU.ActiveCfg = Debug|Any CPU
		{80739CF7-2704-4F91-8A0B-3CACC45750B9}.Debug|Any CPU.Build.0 = Debug|Any CPU
		{80739CF7-2704-4F91-8A0B-3CACC45750B9}.Release|Any CPU.ActiveCfg = Release|Any CPU
		{80739CF7-2704-4F91-8A0B-3CACC45750B9}.Release|Any CPU.Build.0 = Release|Any CPU
	EndGlobalSection
	GlobalSection(SolutionProperties) = preSolution
		HideSolutionNode = FALSE
	EndGlobalSection
	GlobalSection(ExtensibilityGlobals) = postSolution
		SolutionGuid = {C90E4522-1996-4561-845F-E4B39690C419}
	EndGlobalSection
EndGlobal
